{
  "name": "@polymer/photo-screen-saver",
  "version": "3.0.0",
  "lockfileVersion": 1,
  "dependencies": {
    "@polymer/app-layout": {
      "version": "3.0.2",
      "resolved": "https://registry.npmjs.org/@polymer/app-layout/-/app-layout-3.0.2.tgz",
      "integrity": "sha512-qKcQHj72uGxGoetjnNQ7pg4F6Da4U5jKBzZy0VRmDuZMUPDmtIqHaIgC5K6B4y+xUag0gkV9ce72Q3hNaK9y+g=="
    },
    "@polymer/app-storage": {
      "version": "3.0.2",
      "resolved": "https://registry.npmjs.org/@polymer/app-storage/-/app-storage-3.0.2.tgz",
      "integrity": "sha512-UWfUlXVRLvx0fNThStagAaGDIxGLtFsLkRDd0y75m0NH3LSUDdIP6tYmDjXmcuIf2pdua+VFeR7FoHbDjNkq4Q=="
    },
    "@polymer/font-roboto": {
      "version": "3.0.2",
      "resolved": "https://registry.npmjs.org/@polymer/font-roboto/-/font-roboto-3.0.2.tgz",
      "integrity": "sha512-tx5TauYSmzsIvmSqepUPDYbs4/Ejz2XbZ1IkD7JEGqkdNUJlh+9KU85G56Tfdk/xjEZ8zorFfN09OSwiMrIQWA=="
    },
    "@polymer/iron-a11y-announcer": {
      "version": "3.0.2",
      "resolved": "https://registry.npmjs.org/@polymer/iron-a11y-announcer/-/iron-a11y-announcer-3.0.2.tgz",
      "integrity": "sha512-LqnMF39mXyxSSRbTHRzGbcJS8nU0NVTo2raBOgOlpxw5yfGJUVcwaTJ/qy5NtWCZLRfa4suycf0oAkuUjHTXHQ=="
    },
    "@polymer/iron-a11y-keys-behavior": {
      "version": "3.0.1",
      "resolved": "https://registry.npmjs.org/@polymer/iron-a11y-keys-behavior/-/iron-a11y-keys-behavior-3.0.1.tgz",
      "integrity": "sha512-lnrjKq3ysbBPT/74l0Fj0U9H9C35Tpw2C/tpJ8a+5g8Y3YJs1WSZYnEl1yOkw6sEyaxOq/1DkzH0+60gGu5/PQ=="
    },
    "@polymer/iron-autogrow-textarea": {
      "version": "3.0.1",
      "resolved": "https://registry.npmjs.org/@polymer/iron-autogrow-textarea/-/iron-autogrow-textarea-3.0.1.tgz",
      "integrity": "sha512-FgSL7APrOSL9Vu812sBCFlQ17hvnJsBAV2C2e1UAiaHhB+dyfLq8gGdGUpqVWuGJ50q4Y/49QwCNnLf85AdVYA=="
    },
    "@polymer/iron-behaviors": {
      "version": "3.0.1",
      "resolved": "https://registry.npmjs.org/@polymer/iron-behaviors/-/iron-behaviors-3.0.1.tgz",
      "integrity": "sha512-IMEwcv1lhf1HSQxuyWOUIL0lOBwmeaoSTpgCJeP9IBYnuB1SPQngmfRuHKgK6/m9LQ9F9miC7p3HeQQUdKAE0w=="
    },
    "@polymer/iron-checked-element-behavior": {
      "version": "3.0.1",
      "resolved": "https://registry.npmjs.org/@polymer/iron-checked-element-behavior/-/iron-checked-element-behavior-3.0.1.tgz",
      "integrity": "sha512-aDr0cbCNVq49q+pOqa6CZutFh+wWpwPMLpEth9swx+GkAj+gCURhuQkaUYhIo5f2egDbEioR1aeHMnPlU9dQZA=="
    },
    "@polymer/iron-dropdown": {
      "version": "3.0.1",
      "resolved": "https://registry.npmjs.org/@polymer/iron-dropdown/-/iron-dropdown-3.0.1.tgz",
      "integrity": "sha512-22yLhepfcKjuQMfFmRHi/9MPKTqkzgRrmWWW0P5uqK++xle53k2QBO5VYUAYiCN3ZcxIi9lEhZ9YWGeQj2JBig=="
    },
    "@polymer/iron-fit-behavior": {
      "version": "3.0.1",
      "resolved": "https://registry.npmjs.org/@polymer/iron-fit-behavior/-/iron-fit-behavior-3.0.1.tgz",
      "integrity": "sha512-/M0B1L30k31vmwNBaGuZcxzUAhJSHoGccb/DF0CDKI/hT8UlkTvcyemaWdOpmHHLgY52ceKIkRwA3AeXrKyvaQ=="
    },
    "@polymer/iron-flex-layout": {
      "version": "3.0.1",
      "resolved": "https://registry.npmjs.org/@polymer/iron-flex-layout/-/iron-flex-layout-3.0.1.tgz",
      "integrity": "sha512-7gB869czArF+HZcPTVSgvA7tXYFze9EKckvM95NB7SqYF+NnsQyhoXgKnpFwGyo95lUjUW9TFDLUwDXnCYFtkw=="
    },
    "@polymer/iron-form-element-behavior": {
      "version": "3.0.1",
      "resolved": "https://registry.npmjs.org/@polymer/iron-form-element-behavior/-/iron-form-element-behavior-3.0.1.tgz",
      "integrity": "sha512-G/e2KXyL5AY7mMjmomHkGpgS0uAf4ovNpKhkuUTRnMuMJuf589bKqE85KN4ovE1Tzhv2hJoh/igyD6ekHiYU1A=="
    },
    "@polymer/iron-icon": {
      "version": "3.0.1",
      "resolved": "https://registry.npmjs.org/@polymer/iron-icon/-/iron-icon-3.0.1.tgz",
      "integrity": "sha512-QLPwirk+UPZNaLnMew9VludXA4CWUCenRewgEcGYwdzVgDPCDbXxy6vRJjmweZobMQv/oVLppT2JZtJFnPxX6g=="
    },
    "@polymer/iron-iconset-svg": {
      "version": "3.0.1",
      "resolved": "https://registry.npmjs.org/@polymer/iron-iconset-svg/-/iron-iconset-svg-3.0.1.tgz",
      "integrity": "sha512-XNwURbNHRw6u2fJe05O5fMYye6GSgDlDqCO+q6K1zAnKIrpgZwf2vTkBd5uCcZwsN0FyCB3mvNZx4jkh85dRDw=="
    },
    "@polymer/iron-image": {
      "version": "3.0.1",
      "resolved": "https://registry.npmjs.org/@polymer/iron-image/-/iron-image-3.0.1.tgz",
      "integrity": "sha512-Tp6iB/7YYo6IwmVnxHgctKJXjlE6KcHtja+BvyKq7Du+9JB8XgZ2D+WZTYofagwQJ5Akl4oFis5gtO+LM9Z4dA=="
    },
    "@polymer/iron-input": {
      "version": "3.0.1",
      "resolved": "https://registry.npmjs.org/@polymer/iron-input/-/iron-input-3.0.1.tgz",
      "integrity": "sha512-WLx13kEcbH9GKbj9+pWR6pbJkA5kxn3796ynx6eQd2rueMyUfVTR3GzOvadBKsciUuIuzrxpBWZ2+3UcueVUQQ=="
    },
    "@polymer/iron-label": {
      "version": "3.0.1",
      "resolved": "https://registry.npmjs.org/@polymer/iron-label/-/iron-label-3.0.1.tgz",
      "integrity": "sha512-MkIZ1WfOy10pnIxRwTVPfsoDZYlqMkUp0hmimMj0pGRHmrc9n5phuJUY1pC+S7WoKP1/98iH2qnXQukPGTzoVA=="
    },
    "@polymer/iron-list": {
      "version": "3.0.2",
      "resolved": "https://registry.npmjs.org/@polymer/iron-list/-/iron-list-3.0.2.tgz",
      "integrity": "sha512-A6GMTx/4mWxGn3BC6weaXqRC7B0coNjgEoxwVbEcDNwovqntv0aWs5sT9+PI4zvV/syWL5rAESyJDvOxTatoEw=="
    },
    "@polymer/iron-media-query": {
      "version": "3.0.1",
      "resolved": "https://registry.npmjs.org/@polymer/iron-media-query/-/iron-media-query-3.0.1.tgz",
      "integrity": "sha512-czUX1pm1zfmfcZtq5J57XFkcobBv08Y50exp0/3v8Bos5VL/jv2tU0RwiTfDBxUMhjicGbgwEBFQPY2V5DMzyw=="
    },
    "@polymer/iron-menu-behavior": {
      "version": "3.0.2",
      "resolved": "https://registry.npmjs.org/@polymer/iron-menu-behavior/-/iron-menu-behavior-3.0.2.tgz",
      "integrity": "sha512-8dpASkFNBIkxAJWsFLWIO1M7tKM0+wKs3PqdeF/dDdBciwoaaFgC2K1XCZFZnbe2t9/nJgemXxVugGZAWpYCGg=="
    },
    "@polymer/iron-meta": {
      "version": "3.0.1",
      "resolved": "https://registry.npmjs.org/@polymer/iron-meta/-/iron-meta-3.0.1.tgz",
      "integrity": "sha512-pWguPugiLYmWFV9UWxLWzZ6gm4wBwQdDy4VULKwdHCqR7OP7u98h+XDdGZsSlDPv6qoryV/e3tGHlTIT0mbzJA=="
    },
    "@polymer/iron-overlay-behavior": {
      "version": "3.0.2",
      "resolved": "https://registry.npmjs.org/@polymer/iron-overlay-behavior/-/iron-overlay-behavior-3.0.2.tgz",
      "integrity": "sha512-j1qmt6mJHCwpe1mKOvqK5kcCUPQr5LSrlqpgRDbUuLgUfNJ/vGTipjrkBlfbEUagm5FEQdc1VLPLSQP6WVuP9g=="
    },
    "@polymer/iron-pages": {
      "version": "3.0.1",
      "resolved": "https://registry.npmjs.org/@polymer/iron-pages/-/iron-pages-3.0.1.tgz",
      "integrity": "sha512-PQe8S1JKHPcsIvFOaQP+9+AXmqUIL9fPqC6xT63OAZQxYCeZJDKgT9GKBx+VRryYBUlj2FLEXkUVpG+PTotdjg=="
    },
    "@polymer/iron-range-behavior": {
      "version": "3.0.1",
      "resolved": "https://registry.npmjs.org/@polymer/iron-range-behavior/-/iron-range-behavior-3.0.1.tgz",
      "integrity": "sha512-+jtL9v45M/T1RJleWyQaNH84S9/mIIR+AjNbYIttbKGp1eG+98j8MDWe7LXNtg79V2LQnE/+VS82cBeELyGVeg=="
    },
    "@polymer/iron-resizable-behavior": {
      "version": "3.0.1",
      "resolved": "https://registry.npmjs.org/@polymer/iron-resizable-behavior/-/iron-resizable-behavior-3.0.1.tgz",
      "integrity": "sha512-FyHxRxFspVoRaeZSWpT3y0C9awomb4tXXolIJcZ7RvXhMP632V5lez+ch5G5SwK0LpnAPkg35eB0LPMFv+YMMQ=="
    },
    "@polymer/iron-scroll-target-behavior": {
      "version": "3.0.1",
      "resolved": "https://registry.npmjs.org/@polymer/iron-scroll-target-behavior/-/iron-scroll-target-behavior-3.0.1.tgz",
      "integrity": "sha512-xg1WanG25BIkQE8rhuReqY9zx1K5M7F+YAIYpswEp5eyDIaZ1Y3vUmVeQ3KG+hiSugzI1M752azXN7kvyhOBcQ=="
    },
    "@polymer/iron-selector": {
      "version": "3.0.1",
      "resolved": "https://registry.npmjs.org/@polymer/iron-selector/-/iron-selector-3.0.1.tgz",
      "integrity": "sha512-sBVk2uas6prW0glUe2xEJJYlvxmYzM40Au9OKbfDK2Qekou/fLKcBRyIYI39kuI8zWRaip8f3CI8qXcUHnKb1A=="
    },
    "@polymer/iron-validatable-behavior": {
      "version": "3.0.1",
      "resolved": "https://registry.npmjs.org/@polymer/iron-validatable-behavior/-/iron-validatable-behavior-3.0.1.tgz",
      "integrity": "sha512-wwpYh6wOa4fNI+jH5EYKC7TVPYQ2OfgQqocWat7GsNWcsblKYhLYbwsvEY5nO0n2xKqNfZzDLrUom5INJN7msQ=="
    },
    "@polymer/neon-animation": {
      "version": "3.0.1",
      "resolved": "https://registry.npmjs.org/@polymer/neon-animation/-/neon-animation-3.0.1.tgz",
      "integrity": "sha512-cDDc0llpVCe0ATbDS3clDthI54Bc8YwZIeTGGmBJleKOvbRTUC5+ssJmRL+VwVh+VM5FlnQlx760ppftY3uprg=="
    },
    "@polymer/paper-behaviors": {
      "version": "3.0.1",
      "resolved": "https://registry.npmjs.org/@polymer/paper-behaviors/-/paper-behaviors-3.0.1.tgz",
      "integrity": "sha512-6knhj69fPJejv8qR0kCSUY+Q0XjaUf0OSnkjRjmTJPAwSrRYtgqE+l6P1FfA+py1X/cUjgne9EF5rMZAKJIg1g=="
    },
    "@polymer/paper-button": {
      "version": "3.0.1",
      "resolved": "https://registry.npmjs.org/@polymer/paper-button/-/paper-button-3.0.1.tgz",
      "integrity": "sha512-JRNBc+Oj9EWnmyLr7FcCr8T1KAnEHPh6mosln9BUdkM+qYaYsudSICh3cjTIbnj6AuF5OJidoLkM1dlyj0j6Zg=="
    },
    "@polymer/paper-checkbox": {
      "version": "3.1.0",
      "resolved": "https://registry.npmjs.org/@polymer/paper-checkbox/-/paper-checkbox-3.1.0.tgz",
      "integrity": "sha512-kXm6yDG1tT8if0XuJ2cc9NF+g8Ev4wG+rnf0a+Sx+O7J6fn1jcnBlYn72FlrfjVjDQZDBFmT6nynhD5PvFw8iQ=="
    },
    "@polymer/paper-dialog": {
      "version": "3.0.1",
      "resolved": "https://registry.npmjs.org/@polymer/paper-dialog/-/paper-dialog-3.0.1.tgz",
      "integrity": "sha512-KvglYbEq7AWJvui2j6WKLnOvgVMeGjovAydGrPRj7kVzCiD49Eq/hpYFJTRV5iDcalWH+mORUpw+jrFnG9+Kgw=="
    },
    "@polymer/paper-dialog-behavior": {
      "version": "3.0.1",
      "resolved": "https://registry.npmjs.org/@polymer/paper-dialog-behavior/-/paper-dialog-behavior-3.0.1.tgz",
      "integrity": "sha512-wbI4kCK8le/9MHT+IXzvHjoatxf3kd3Yn0tgozAiAwfSZ7N4Ubpi5MHrK0m9S9PeIxKokAgBYdTUrezSE5378A=="
    },
    "@polymer/paper-dialog-scrollable": {
      "version": "3.0.1",
      "resolved": "https://registry.npmjs.org/@polymer/paper-dialog-scrollable/-/paper-dialog-scrollable-3.0.1.tgz",
      "integrity": "sha512-1E8B9kNdL58jUrJ/BwqJeOoNVcxNrB559z//d1V0rVHWT5bWCCZegwS3G06iFK5MjxWFbIKzleVTLrT0opiZkA=="
    },
    "@polymer/paper-dropdown-menu": {
      "version": "3.0.1",
      "resolved": "https://registry.npmjs.org/@polymer/paper-dropdown-menu/-/paper-dropdown-menu-3.0.1.tgz",
      "integrity": "sha512-GBFzoP8SC+MTcLgKAflmGEvfjboCFVNkJd39fBEoNHAV3KU92ugmR4sl9iFaIaaGuxJ7QdjsLa2zQPlcS4lr6Q=="
    },
    "@polymer/paper-icon-button": {
      "version": "3.0.2",
      "resolved": "https://registry.npmjs.org/@polymer/paper-icon-button/-/paper-icon-button-3.0.2.tgz",
      "integrity": "sha512-kOdxQgnKL097bggFF6PWvsBYuWg+MCcoHoTHX6bh/MuZoWFZNjrFntFqwuB4oEbpjCpfm4moA33muPJFj7CihQ=="
    },
    "@polymer/paper-input": {
      "version": "3.0.1",
      "resolved": "https://registry.npmjs.org/@polymer/paper-input/-/paper-input-3.0.1.tgz",
      "integrity": "sha512-th6fuP6PyQEBJSWVtJQ/ZsoQp8Zysq4bRIOg2uGZsNX6gfm6AVoMph5pXOlS8RHoVDDYDG9GRjQib7JPSWKkrw=="
    },
    "@polymer/paper-item": {
      "version": "3.0.1",
      "resolved": "https://registry.npmjs.org/@polymer/paper-item/-/paper-item-3.0.1.tgz",
      "integrity": "sha512-KTk2N+GsYiI/HuubL3sxebZ6tteQbBOAp4QVLAnbjSPmwl+mJSDWk+omuadesU0bpkCwaWVs3fHuQsmXxy4pkw=="
    },
    "@polymer/paper-listbox": {
      "version": "3.0.1",
      "resolved": "https://registry.npmjs.org/@polymer/paper-listbox/-/paper-listbox-3.0.1.tgz",
      "integrity": "sha512-vMLWFpYcggAPmEDBmK+96fFefacOG3GLB1EguTn8+ZkqI+328hNfw1MzHjH68rgCIIUtjmm+9qgB1Sy/MN0a/A=="
    },
    "@polymer/paper-material": {
      "version": "3.0.1",
      "resolved": "https://registry.npmjs.org/@polymer/paper-material/-/paper-material-3.0.1.tgz",
      "integrity": "sha512-FUa3iqEcwjYtUzMqIh9cEfdTJE8ZtRasAzxVbck5GChthA/T2HwnhjAyqzN4lusVMyafdl3rjNEwhVPK/Pmykg=="
    },
    "@polymer/paper-menu-button": {
      "version": "3.0.1",
      "resolved": "https://registry.npmjs.org/@polymer/paper-menu-button/-/paper-menu-button-3.0.1.tgz",
      "integrity": "sha512-Rxte2Fp7N2BMI2FMM7tB25IkvD11DhjMklcg97JP1jnlHbJNrXPh5SSX2bdtabz49UE8vejIsrxZ+AGsB5nqIQ=="
    },
    "@polymer/paper-progress": {
      "version": "3.0.1",
      "resolved": "https://registry.npmjs.org/@polymer/paper-progress/-/paper-progress-3.0.1.tgz",
      "integrity": "sha512-5nguG+tmnyoaWKVNG8Smtno2uLSPBgEsT3f20JY8yJTjUBYWaqa8E3l5RLkTRXgA4x9OnvLb8/CdlQWXQIogBg=="
    },
    "@polymer/paper-radio-button": {
      "version": "3.0.1",
      "resolved": "https://registry.npmjs.org/@polymer/paper-radio-button/-/paper-radio-button-3.0.1.tgz",
      "integrity": "sha512-ltCdgolOrmTeG3IxHhfMgxRc9AloNpoIwRMInrTI5Nzva4yOzSpP01bfpEwBpTl11o0NYxqfYYCxCjLQGRq9ng=="
    },
    "@polymer/paper-radio-group": {
      "version": "3.0.1",
      "resolved": "https://registry.npmjs.org/@polymer/paper-radio-group/-/paper-radio-group-3.0.1.tgz",
      "integrity": "sha512-VYUWj6Y7/1sJncbtKJ4+aKJ0U98cLPXWu6mTgMREoA2jOKrb41JxtnKNrKMjs+lBHCZj4wvtmHwzeS//HFULfA=="
    },
    "@polymer/paper-ripple": {
      "version": "3.0.1",
      "resolved": "https://registry.npmjs.org/@polymer/paper-ripple/-/paper-ripple-3.0.1.tgz",
      "integrity": "sha512-dgOe12GyCF1VZBLUQqnzGWlf3xb255FajNCVB1VFj/AtskYtoamnafa7m3a+1vs+C8qbg4Benn5KwgxVDSW4cg=="
    },
    "@polymer/paper-slider": {
      "version": "3.0.1",
      "resolved": "https://registry.npmjs.org/@polymer/paper-slider/-/paper-slider-3.0.1.tgz",
      "integrity": "sha512-TNA8nEQci1fe3vTQQaFwkPj9p9yTLSr9Mhe8xQSTHpFNKun1rsp91LlKJmiKJDO7xU9RGZmA2mRlQwaj6kgR3g=="
    },
    "@polymer/paper-spinner": {
      "version": "3.0.2",
      "resolved": "https://registry.npmjs.org/@polymer/paper-spinner/-/paper-spinner-3.0.2.tgz",
      "integrity": "sha512-XUzu8/4NH+pnNZUTI2MxtOKFAr0EOsW7eGhTg3VBhTh7DDW/q3ewzwYRWnqNJokX9BEnxKMiXXaIeTEBq4k2dw=="
    },
    "@polymer/paper-styles": {
      "version": "3.0.1",
      "resolved": "https://registry.npmjs.org/@polymer/paper-styles/-/paper-styles-3.0.1.tgz",
      "integrity": "sha512-y6hmObLqlCx602TQiSBKHqjwkE7xmDiFkoxdYGaNjtv4xcysOTdVJsDR/R9UHwIaxJ7gHlthMSykir1nv78++g=="
    },
    "@polymer/paper-tabs": {
      "version": "3.0.1",
      "resolved": "https://registry.npmjs.org/@polymer/paper-tabs/-/paper-tabs-3.0.1.tgz",
      "integrity": "sha512-gXCMUp17ND1rfhKzA3HPxA7CiHa00FG6cj2upovzPnm3/0rZ/apHGOFH8nyNcBU0JyrxTgKi8qVDp7eZqASr9g=="
    },
    "@polymer/paper-toggle-button": {
      "version": "3.0.1",
      "resolved": "https://registry.npmjs.org/@polymer/paper-toggle-button/-/paper-toggle-button-3.0.1.tgz",
      "integrity": "sha512-jadZB60fycT7YnSAH0H23LYo6/2HYmMZTtNr9LpdSIRFPLX6mqqxewex92cFz019bMKaRJgORn308hRlJo2u6A=="
    },
    "@polymer/paper-tooltip": {
      "version": "3.0.1",
      "resolved": "https://registry.npmjs.org/@polymer/paper-tooltip/-/paper-tooltip-3.0.1.tgz",
      "integrity": "sha512-yiUk09opTEnE1lK+tb501ENb+yQBi4p++Ep0eGJAHesVYKVMPNgPphVKkIizkDaU+n0SE+zXfTsRbYyOMDYXSg=="
    },
    "@polymer/polymer": {
      "version": "3.1.0",
      "resolved": "https://registry.npmjs.org/@polymer/polymer/-/polymer-3.1.0.tgz",
      "integrity": "sha512-hwN8IMERsFATz/9dSMxYHL+84J9uBkPuuarxJWlTsppZ4CAYTZKnepBfNrKoyNsafBmA3yXBiiKPPf+fJtza7A=="
    },
    "@types/chrome": {
      "version": "0.0.81",
      "resolved": "https://registry.npmjs.org/@types/chrome/-/chrome-0.0.81.tgz",
      "integrity": "sha512-NKkQGMJSppFwUwMbEbYcq8/p/ACVHmQCUpWaqJVdHn81tU3by+YXnxw86KFa0tUSLamu35wtzFaMyY4TFaMceQ=="
    },
    "@types/filesystem": {
      "version": "0.0.29",
      "resolved": "https://registry.npmjs.org/@types/filesystem/-/filesystem-0.0.29.tgz",
      "integrity": "sha512-85/1KfRedmfPGsbK8YzeaQUyV1FQAvMPMTuWFQ5EkLd2w7szhNO96bk3Rh/SKmOfd9co2rCLf0Voy4o7ECBOvw=="
    },
    "@types/filewriter": {
      "version": "0.0.28",
      "resolved": "https://registry.npmjs.org/@types/filewriter/-/filewriter-0.0.28.tgz",
      "integrity": "sha1-wFTor02d11205jq8dviFFocU1LM="
    },
    "@webcomponents/shadycss": {
      "version": "1.9.0",
      "resolved": "https://registry.npmjs.org/@webcomponents/shadycss/-/shadycss-1.9.0.tgz",
      "integrity": "sha512-g8Xa+6RSEME4g/wLJW4YII0eq15rvXp76RxPAuv7hx+Bdoi7GzZJ/EoZOUfyIbqAsQbII1TcWD4/+Xhs5NcM1w=="
    },
    "@webcomponents/webcomponentsjs": {
      "version": "2.2.7",
      "resolved": "https://registry.npmjs.org/@webcomponents/webcomponentsjs/-/webcomponentsjs-2.2.7.tgz",
      "integrity": "sha512-kPPjzV+5kpoWpTniyvBSPcXS33f3j/C6HvNOJ3YecF3pvz3XwVeU4ammbxtVy/osF3z7hr1DYNptIf4oPEvXZA=="
    },
    "chrome-promise": {
      "version": "3.0.4",
      "resolved": "https://registry.npmjs.org/chrome-promise/-/chrome-promise-3.0.4.tgz",
      "integrity": "sha512-kBVn78V7E6ZHz24FSEQlNBcNphICewjZPyC6D/TgGGyqou7mbOrKTS4NhGBl8RnrYLD6L7wkJ8Zz6ym2n5gZ6Q=="
    },
    "web-animations-js": {
      "version": "2.3.1",
      "resolved": "https://registry.npmjs.org/web-animations-js/-/web-animations-js-2.3.1.tgz",
      "integrity": "sha1-Om2bwVGWN3qQ+OKAP6UmIWWwRRA="
    }
  }
}
